
Microsoft Visual Studio Solution File, Format Version 12.00
# Visual Studio Version 16
VisualStudioVersion = 16.0.31025.218
MinimumVisualStudioVersion = 10.0.40219.1
Project("{FAE04EC0-301F-11D3-BF4B-00C04F79EFBC}") = "JWTMicroNetCore", "JWTMicroNetCore\JWTMicroNetCore.csproj", "{D12241BD-0770-423D-A5FA-1DD9BCC1DD33}"
EndProject
Global
	GlobalSection(SolutionConfigurationPlatforms) = preSolution
		Debug|Any CPU = Debug|Any CPU
		Release|Any CPU = Release|Any CPU
	EndGlobalSection
	GlobalSection(ProjectConfigurationPlatforms) = postSolution
		{D12241BD-0770-423D-A5FA-1DD9BCC1DD33}.Debug|Any CPU.ActiveCfg = Debug|Any CPU
		{D12241BD-0770-423D-A5FA-1DD9BCC1DD33}.Debug|Any CPU.Build.0 = Debug|Any CPU
		{D12241BD-0770-423D-A5FA-1DD9BCC1DD33}.Release|Any CPU.ActiveCfg = Release|Any CPU
		{D12241BD-0770-423D-A5FA-1DD9BCC1DD33}.Release|Any CPU.Build.0 = Release|Any CPU
	EndGlobalSection
	GlobalSection(SolutionProperties) = preSolution
		HideSolutionNode = FALSE
	EndGlobalSection
	GlobalSection(ExtensibilityGlobals) = postSolution
		SolutionGuid = {1CEDF350-8807-4F37-93FB-2951ECE59EF9}
	EndGlobalSection
EndGlobal
